
Microsoft Visual Studio Solution File, Format Version 12.00
# Visual Studio Version 16
VisualStudioVersion = 16.0.32802.440
MinimumVisualStudioVersion = 10.0.40219.1
Project("{FAE04EC0-301F-11D3-BF4B-00C04F79EFBC}") = "WebAPI", "WebAPI.csproj", "{756D3DA6-5319-4B1B-8244-928F2EA1D4DA}"
EndProject
Global
	GlobalSection(SolutionConfigurationPlatforms) = preSolution
		Debug|Any CPU = Debug|Any CPU
		Release|Any CPU = Release|Any CPU
	EndGlobalSection
	GlobalSection(ProjectConfigurationPlatforms) = postSolution
		{756D3DA6-5319-4B1B-8244-928F2EA1D4DA}.Debug|Any CPU.ActiveCfg = Debug|Any CPU
		{756D3DA6-5319-4B1B-8244-928F2EA1D4DA}.Debug|Any CPU.Build.0 = Debug|Any CPU
		{756D3DA6-5319-4B1B-8244-928F2EA1D4DA}.Release|Any CPU.ActiveCfg = Release|Any CPU
		{756D3DA6-5319-4B1B-8244-928F2EA1D4DA}.Release|Any CPU.Build.0 = Release|Any CPU
	EndGlobalSection
	GlobalSection(SolutionProperties) = preSolution
		HideSolutionNode = FALSE
	EndGlobalSection
	GlobalSection(ExtensibilityGlobals) = postSolution
		SolutionGuid = {00322042-4E1D-405D-B2E9-AAD16CB9AF9D}
	EndGlobalSection
EndGlobal
